
Microsoft Visual Studio Solution File, Format Version 12.00
Project("{FAE04EC0-301F-11D3-BF4B-00C04F79EFBC}") = "src/MailClientApp", "src/MailClientApp.csproj", "{18F90348-1806-431C-A761-26185C587BAE}"
EndProject
Project("{FAE04EC0-301F-11D3-BF4B-00C04F79EFBC}") = "tests", "tests\tests.csproj", "{3311A61E-9451-4196-97B4-922691C691CB}"
EndProject
Global
	GlobalSection(SolutionConfigurationPlatforms) = preSolution
		Debug|Any CPU = Debug|Any CPU
		Release|Any CPU = Release|Any CPU
	EndGlobalSection
	GlobalSection(ProjectConfigurationPlatforms) = postSolution
		{18F90348-1806-431C-A761-26185C587BAE}.Debug|Any CPU.ActiveCfg = Debug|Any CPU
		{18F90348-1806-431C-A761-26185C587BAE}.Debug|Any CPU.Build.0 = Debug|Any CPU
		{18F90348-1806-431C-A761-26185C587BAE}.Release|Any CPU.ActiveCfg = Release|Any CPU
		{18F90348-1806-431C-A761-26185C587BAE}.Release|Any CPU.Build.0 = Release|Any CPU
		{3311A61E-9451-4196-97B4-922691C691CB}.Debug|Any CPU.ActiveCfg = Debug|Any CPU
		{3311A61E-9451-4196-97B4-922691C691CB}.Debug|Any CPU.Build.0 = Debug|Any CPU
		{3311A61E-9451-4196-97B4-922691C691CB}.Release|Any CPU.ActiveCfg = Release|Any CPU
		{3311A61E-9451-4196-97B4-922691C691CB}.Release|Any CPU.Build.0 = Release|Any CPU
	EndGlobalSection
EndGlobal
